// !$*UTF8*$!
{
	archiveVersion = 1;
	classes = {
	};
	objectVersion = 48;
	objects = {

/* Begin PBXBuildFile section */
		6D4A393A2013ED1100E855B4 /* AppDelegate.swift in Sources */ = {isa = PBXBuildFile; fileRef = 6D4A39392013ED1100E855B4 /* AppDelegate.swift */; };
		6D4A393C2013ED1100E855B4 /* ThemesViewController.swift in Sources */ = {isa = PBXBuildFile; fileRef = 6D4A393B2013ED1100E855B4 /* ThemesViewController.swift */; };
		6D4A393F2013ED1100E855B4 /* Main.storyboard in Resources */ = {isa = PBXBuildFile; fileRef = 6D4A393D2013ED1100E855B4 /* Main.storyboard */; };
		6D4A39412013ED1100E855B4 /* Assets.xcassets in Resources */ = {isa = PBXBuildFile; fileRef = 6D4A39402013ED1100E855B4 /* Assets.xcassets */; };
		6D4A39442013ED1100E855B4 /* LaunchScreen.storyboard in Resources */ = {isa = PBXBuildFile; fileRef = 6D4A39422013ED1100E855B4 /* LaunchScreen.storyboard */; };
		6D4A394E2013FC4400E855B4 /* MusicViewCell.swift in Sources */ = {isa = PBXBuildFile; fileRef = 6D4A394C2013FC4400E855B4 /* MusicViewCell.swift */; };
		6D4A394F2013FC4400E855B4 /* MusicViewCell.xib in Resources */ = {isa = PBXBuildFile; fileRef = 6D4A394D2013FC4400E855B4 /* MusicViewCell.xib */; };
		6D4A39522013FCCA00E855B4 /* MusicTableViewController.swift in Sources */ = {isa = PBXBuildFile; fileRef = 6D4A39512013FCCA00E855B4 /* MusicTableViewController.swift */; };
		6D4A39542013FD5500E855B4 /* ThemesCollectionViewCell.swift in Sources */ = {isa = PBXBuildFile; fileRef = 6D4A39532013FD5500E855B4 /* ThemesCollectionViewCell.swift */; };
		6D4A3958201403F500E855B4 /* ModelManager.swift in Sources */ = {isa = PBXBuildFile; fileRef = 6D4A3957201403F500E855B4 /* ModelManager.swift */; };
		6D4A395B2014FAAF00E855B4 /* UICollorExtension.swift in Sources */ = {isa = PBXBuildFile; fileRef = 6D4A395A2014FAAF00E855B4 /* UICollorExtension.swift */; };
		6D4A395E201539B200E855B4 /* IAPHandler.swift in Sources */ = {isa = PBXBuildFile; fileRef = 6D4A395D201539B200E855B4 /* IAPHandler.swift */; };
		6D4A396020156F7100E855B4 /* iTunesAPI.swift in Sources */ = {isa = PBXBuildFile; fileRef = 6D4A395F20156F7100E855B4 /* iTunesAPI.swift */; };
		6D4A39642016055700E855B4 /* Response.swift in Sources */ = {isa = PBXBuildFile; fileRef = 6D4A39632016055700E855B4 /* Response.swift */; };
		998B26DBB71B81DEC454D9FB /* Pods_MusicPlayer_Publicista.framework in Frameworks */ = {isa = PBXBuildFile; fileRef = 7B6734EA6E19C00CA5E760B3 /* Pods_MusicPlayer_Publicista.framework */; };
/* End PBXBuildFile section */

/* Begin PBXFileReference section */
		6D4A39362013ED1100E855B4 /* MusicPlayer_Publicista.app */ = {isa = PBXFileReference; explicitFileType = wrapper.application; includeInIndex = 0; path = MusicPlayer_Publicista.app; sourceTree = BUILT_PRODUCTS_DIR; };
		6D4A39392013ED1100E855B4 /* AppDelegate.swift */ = {isa = PBXFileReference; lastKnownFileType = sourcecode.swift; path = AppDelegate.swift; sourceTree = "<group>"; };
		6D4A393B2013ED1100E855B4 /* ThemesViewController.swift */ = {isa = PBXFileReference; lastKnownFileType = sourcecode.swift; path = ThemesViewController.swift; sourceTree = "<group>"; };
		6D4A393E2013ED1100E855B4 /* Base */ = {isa = PBXFileReference; lastKnownFileType = file.storyboard; name = Base; path = Base.lproj/Main.storyboard; sourceTree = "<group>"; };
		6D4A39402013ED1100E855B4 /* Assets.xcassets */ = {isa = PBXFileReference; lastKnownFileType = folder.assetcatalog; path = Assets.xcassets; sourceTree = "<group>"; };
		6D4A39432013ED1100E855B4 /* Base */ = {isa = PBXFileReference; lastKnownFileType = file.storyboard; name = Base; path = Base.lproj/LaunchScreen.storyboard; sourceTree = "<group>"; };
		6D4A39452013ED1100E855B4 /* Info.plist */ = {isa = PBXFileReference; lastKnownFileType = text.plist.xml; path = Info.plist; sourceTree = "<group>"; };
		6D4A394C2013FC4400E855B4 /* MusicViewCell.swift */ = {isa = PBXFileReference; lastKnownFileType = sourcecode.swift; path = MusicViewCell.swift; sourceTree = "<group>"; };
		6D4A394D2013FC4400E855B4 /* MusicViewCell.xib */ = {isa = PBXFileReference; lastKnownFileType = file.xib; path = MusicViewCell.xib; sourceTree = "<group>"; };
		6D4A39512013FCCA00E855B4 /* MusicTableViewController.swift */ = {isa = PBXFileReference; lastKnownFileType = sourcecode.swift; path = MusicTableViewController.swift; sourceTree = "<group>"; };
		6D4A39532013FD5500E855B4 /* ThemesCollectionViewCell.swift */ = {isa = PBXFileReference; lastKnownFileType = sourcecode.swift; path = ThemesCollectionViewCell.swift; sourceTree = "<group>"; };
		6D4A3957201403F500E855B4 /* ModelManager.swift */ = {isa = PBXFileReference; fileEncoding = 4; lastKnownFileType = sourcecode.swift; path = ModelManager.swift; sourceTree = "<group>"; };
		6D4A395A2014FAAF00E855B4 /* UICollorExtension.swift */ = {isa = PBXFileReference; fileEncoding = 4; lastKnownFileType = sourcecode.swift; path = UICollorExtension.swift; sourceTree = "<group>"; };
		6D4A395D201539B200E855B4 /* IAPHandler.swift */ = {isa = PBXFileReference; lastKnownFileType = sourcecode.swift; name = IAPHandler.swift; path = MusicPlayer_Publicista/Cells/IAPHandler.swift; sourceTree = SOURCE_ROOT; };
		6D4A395F20156F7100E855B4 /* iTunesAPI.swift */ = {isa = PBXFileReference; fileEncoding = 4; lastKnownFileType = sourcecode.swift; path = iTunesAPI.swift; sourceTree = "<group>"; };
		6D4A39632016055700E855B4 /* Response.swift */ = {isa = PBXFileReference; fileEncoding = 4; lastKnownFileType = sourcecode.swift; path = Response.swift; sourceTree = "<group>"; };
		7B6734EA6E19C00CA5E760B3 /* Pods_MusicPlayer_Publicista.framework */ = {isa = PBXFileReference; explicitFileType = wrapper.framework; includeInIndex = 0; path = Pods_MusicPlayer_Publicista.framework; sourceTree = BUILT_PRODUCTS_DIR; };
		ADBD8B95E0E63408741F74E9 /* Pods-MusicPlayer_Publicista.release.xcconfig */ = {isa = PBXFileReference; includeInIndex = 1; lastKnownFileType = text.xcconfig; name = "Pods-MusicPlayer_Publicista.release.xcconfig"; path = "Pods/Target Support Files/Pods-MusicPlayer_Publicista/Pods-MusicPlayer_Publicista.release.xcconfig"; sourceTree = "<group>"; };
		F0719B5F44CA82585FE45896 /* Pods-MusicPlayer_Publicista.debug.xcconfig */ = {isa = PBXFileReference; includeInIndex = 1; lastKnownFileType = text.xcconfig; name = "Pods-MusicPlayer_Publicista.debug.xcconfig"; path = "Pods/Target Support Files/Pods-MusicPlayer_Publicista/Pods-MusicPlayer_Publicista.debug.xcconfig"; sourceTree = "<group>"; };
/* End PBXFileReference section */

/* Begin PBXFrameworksBuildPhase section */
		6D4A39332013ED1100E855B4 /* Frameworks */ = {
			isa = PBXFrameworksBuildPhase;
			buildActionMask = 2147483647;
			files = (
				998B26DBB71B81DEC454D9FB /* Pods_MusicPlayer_Publicista.framework in Frameworks */,
			);
			runOnlyForDeploymentPostprocessing = 0;
		};
/* End PBXFrameworksBuildPhase section */

/* Begin PBXGroup section */
		6D4A392D2013ED1100E855B4 = {
			isa = PBXGroup;
			children = (
				6D4A39382013ED1100E855B4 /* MusicPlayer_Publicista */,
				6D4A39372013ED1100E855B4 /* Products */,
				98E69A8B454D1553A1596CFB /* Pods */,
				C8556F811BE23B344271754F /* Frameworks */,
			);
			sourceTree = "<group>";
		};
		6D4A39372013ED1100E855B4 /* Products */ = {
			isa = PBXGroup;
			children = (
				6D4A39362013ED1100E855B4 /* MusicPlayer_Publicista.app */,
			);
			name = Products;
			sourceTree = "<group>";
		};
		6D4A39382013ED1100E855B4 /* MusicPlayer_Publicista */ = {
			isa = PBXGroup;
			children = (
				6D4A395C2015397900E855B4 /* IAP */,
				6D4A39592014FA9B00E855B4 /* Extension */,
				6D4A3956201401AD00E855B4 /* API */,
				6D4A3955201401A700E855B4 /* Model */,
				6D4A39502013FC4A00E855B4 /* Cells */,
				6D4A394B2013FB2500E855B4 /* ViewController */,
				6D4A39392013ED1100E855B4 /* AppDelegate.swift */,
				6D4A393D2013ED1100E855B4 /* Main.storyboard */,
				6D4A39402013ED1100E855B4 /* Assets.xcassets */,
				6D4A39422013ED1100E855B4 /* LaunchScreen.storyboard */,
				6D4A39452013ED1100E855B4 /* Info.plist */,
			);
			path = MusicPlayer_Publicista;
			sourceTree = "<group>";
		};
		6D4A394B2013FB2500E855B4 /* ViewController */ = {
			isa = PBXGroup;
			children = (
				6D4A393B2013ED1100E855B4 /* ThemesViewController.swift */,
				6D4A39512013FCCA00E855B4 /* MusicTableViewController.swift */,
			);
			path = ViewController;
			sourceTree = "<group>";
		};
		6D4A39502013FC4A00E855B4 /* Cells */ = {
			isa = PBXGroup;
			children = (
				6D4A394C2013FC4400E855B4 /* MusicViewCell.swift */,
				6D4A394D2013FC4400E855B4 /* MusicViewCell.xib */,
				6D4A39532013FD5500E855B4 /* ThemesCollectionViewCell.swift */,
			);
			path = Cells;
			sourceTree = "<group>";
		};
		6D4A3955201401A700E855B4 /* Model */ = {
			isa = PBXGroup;
			children = (
				6D4A3957201403F500E855B4 /* ModelManager.swift */,
				6D4A39632016055700E855B4 /* Response.swift */,
			);
			path = Model;
			sourceTree = "<group>";
		};
		6D4A3956201401AD00E855B4 /* API */ = {
			isa = PBXGroup;
			children = (
				6D4A395F20156F7100E855B4 /* iTunesAPI.swift */,
			);
			path = API;
			sourceTree = "<group>";
		};
		6D4A39592014FA9B00E855B4 /* Extension */ = {
			isa = PBXGroup;
			children = (
				6D4A395A2014FAAF00E855B4 /* UICollorExtension.swift */,
			);
			name = Extension;
			path = "New Group";
			sourceTree = "<group>";
		};
		6D4A395C2015397900E855B4 /* IAP */ = {
			isa = PBXGroup;
			children = (
				6D4A395D201539B200E855B4 /* IAPHandler.swift */,
			);
			name = IAP;
			path = "New Group1";
			sourceTree = "<group>";
		};
		98E69A8B454D1553A1596CFB /* Pods */ = {
			isa = PBXGroup;
			children = (
				F0719B5F44CA82585FE45896 /* Pods-MusicPlayer_Publicista.debug.xcconfig */,
				ADBD8B95E0E63408741F74E9 /* Pods-MusicPlayer_Publicista.release.xcconfig */,
			);
			name = Pods;
			sourceTree = "<group>";
		};
		C8556F811BE23B344271754F /* Frameworks */ = {
			isa = PBXGroup;
			children = (
				7B6734EA6E19C00CA5E760B3 /* Pods_MusicPlayer_Publicista.framework */,
			);
			name = Frameworks;
			sourceTree = "<group>";
		};
/* End PBXGroup section */

/* Begin PBXNativeTarget section */
		6D4A39352013ED1100E855B4 /* MusicPlayer_Publicista */ = {
			isa = PBXNativeTarget;
			buildConfigurationList = 6D4A39482013ED1100E855B4 /* Build configuration list for PBXNativeTarget "MusicPlayer_Publicista" */;
			buildPhases = (
				9B0DF49931FE844653021B96 /* [CP] Check Pods Manifest.lock */,
				6D4A39322013ED1100E855B4 /* Sources */,
				6D4A39332013ED1100E855B4 /* Frameworks */,
				6D4A39342013ED1100E855B4 /* Resources */,
				537C01CB7692533B8459A2C4 /* [CP] Embed Pods Frameworks */,
				E4B3AAA27EBCD5670E7C6AA5 /* [CP] Copy Pods Resources */,
			);
			buildRules = (
			);
			dependencies = (
			);
			name = MusicPlayer_Publicista;
			productName = MusicPlayer_Publicista;
			productReference = 6D4A39362013ED1100E855B4 /* MusicPlayer_Publicista.app */;
			productType = "com.apple.product-type.application";
		};
/* End PBXNativeTarget section */

/* Begin PBXProject section */
		6D4A392E2013ED1100E855B4 /* Project object */ = {
			isa = PBXProject;
			attributes = {
				LastSwiftUpdateCheck = 0920;
				LastUpgradeCheck = 0920;
				ORGANIZATIONNAME = Empresinha;
				TargetAttributes = {
					6D4A39352013ED1100E855B4 = {
						CreatedOnToolsVersion = 9.2;
						ProvisioningStyle = Automatic;
					};
				};
			};
			buildConfigurationList = 6D4A39312013ED1100E855B4 /* Build configuration list for PBXProject "MusicPlayer_Publicista" */;
			compatibilityVersion = "Xcode 8.0";
			developmentRegion = en;
			hasScannedForEncodings = 0;
			knownRegions = (
				en,
				Base,
			);
			mainGroup = 6D4A392D2013ED1100E855B4;
			productRefGroup = 6D4A39372013ED1100E855B4 /* Products */;
			projectDirPath = "";
			projectRoot = "";
			targets = (
				6D4A39352013ED1100E855B4 /* MusicPlayer_Publicista */,
			);
		};
/* End PBXProject section */

/* Begin PBXResourcesBuildPhase section */
		6D4A39342013ED1100E855B4 /* Resources */ = {
			isa = PBXResourcesBuildPhase;
			buildActionMask = 2147483647;
			files = (
				6D4A39442013ED1100E855B4 /* LaunchScreen.storyboard in Resources */,
				6D4A39412013ED1100E855B4 /* Assets.xcassets in Resources */,
				6D4A394F2013FC4400E855B4 /* MusicViewCell.xib in Resources */,
				6D4A393F2013ED1100E855B4 /* Main.storyboard in Resources */,
			);
			runOnlyForDeploymentPostprocessing = 0;
		};
/* End PBXResourcesBuildPhase section */

/* Begin PBXShellScriptBuildPhase section */
		537C01CB7692533B8459A2C4 /* [CP] Embed Pods Frameworks */ = {
			isa = PBXShellScriptBuildPhase;
			buildActionMask = 2147483647;
			files = (
			);
			inputPaths = (
				"${SRCROOT}/Pods/Target Support Files/Pods-MusicPlayer_Publicista/Pods-MusicPlayer_Publicista-frameworks.sh",
				"${BUILT_PRODUCTS_DIR}/Alamofire/Alamofire.framework",
				"${BUILT_PRODUCTS_DIR}/AlamofireImage/AlamofireImage.framework",
				"${BUILT_PRODUCTS_DIR}/AlamofireObjectMapper/AlamofireObjectMapper.framework",
				"${BUILT_PRODUCTS_DIR}/ObjectMapper/ObjectMapper.framework",
			);
			name = "[CP] Embed Pods Frameworks";
			outputPaths = (
				"${TARGET_BUILD_DIR}/${FRAMEWORKS_FOLDER_PATH}/Alamofire.framework",
				"${TARGET_BUILD_DIR}/${FRAMEWORKS_FOLDER_PATH}/AlamofireImage.framework",
				"${TARGET_BUILD_DIR}/${FRAMEWORKS_FOLDER_PATH}/AlamofireObjectMapper.framework",
				"${TARGET_BUILD_DIR}/${FRAMEWORKS_FOLDER_PATH}/ObjectMapper.framework",
			);
			runOnlyForDeploymentPostprocessing = 0;
			shellPath = /bin/sh;
			shellScript = "\"${SRCROOT}/Pods/Target Support Files/Pods-MusicPlayer_Publicista/Pods-MusicPlayer_Publicista-frameworks.sh\"\n";
			showEnvVarsInLog = 0;
		};
		9B0DF49931FE844653021B96 /* [CP] Check Pods Manifest.lock */ = {
			isa = PBXShellScriptBuildPhase;
			buildActionMask = 2147483647;
			files = (
			);
			inputPaths = (
				"${PODS_PODFILE_DIR_PATH}/Podfile.lock",
				"${PODS_ROOT}/Manifest.lock",
			);
			name = "[CP] Check Pods Manifest.lock";
			outputPaths = (
				"$(DERIVED_FILE_DIR)/Pods-MusicPlayer_Publicista-checkManifestLockResult.txt",
			);
			runOnlyForDeploymentPostprocessing = 0;
			shellPath = /bin/sh;
			shellScript = "diff \"${PODS_PODFILE_DIR_PATH}/Podfile.lock\" \"${PODS_ROOT}/Manifest.lock\" > /dev/null\nif [ $? != 0 ] ; then\n    # print error to STDERR\n    echo \"error: The sandbox is not in sync with the Podfile.lock. Run 'pod install' or update your CocoaPods installation.\" >&2\n    exit 1\nfi\n# This output is used by Xcode 'outputs' to avoid re-running this script phase.\necho \"SUCCESS\" > \"${SCRIPT_OUTPUT_FILE_0}\"\n";
			showEnvVarsInLog = 0;
		};
		E4B3AAA27EBCD5670E7C6AA5 /* [CP] Copy Pods Resources */ = {
			isa = PBXShellScriptBuildPhase;
			buildActionMask = 2147483647;
			files = (
			);
			inputPaths = (
			);
			name = "[CP] Copy Pods Resources";
			outputPaths = (
			);
			runOnlyForDeploymentPostprocessing = 0;
			shellPath = /bin/sh;
			shellScript = "\"${SRCROOT}/Pods/Target Support Files/Pods-MusicPlayer_Publicista/Pods-MusicPlayer_Publicista-resources.sh\"\n";
			showEnvVarsInLog = 0;
		};
/* End PBXShellScriptBuildPhase section */

/* Begin PBXSourcesBuildPhase section */
		6D4A39322013ED1100E855B4 /* Sources */ = {
			isa = PBXSourcesBuildPhase;
			buildActionMask = 2147483647;
			files = (
				6D4A393C2013ED1100E855B4 /* ThemesViewController.swift in Sources */,
				6D4A396020156F7100E855B4 /* iTunesAPI.swift in Sources */,
				6D4A39522013FCCA00E855B4 /* MusicTableViewController.swift in Sources */,
				6D4A39542013FD5500E855B4 /* ThemesCollectionViewCell.swift in Sources */,
				6D4A39642016055700E855B4 /* Response.swift in Sources */,
				6D4A395E201539B200E855B4 /* IAPHandler.swift in Sources */,
				6D4A395B2014FAAF00E855B4 /* UICollorExtension.swift in Sources */,
				6D4A393A2013ED1100E855B4 /* AppDelegate.swift in Sources */,
				6D4A394E2013FC4400E855B4 /* MusicViewCell.swift in Sources */,
				6D4A3958201403F500E855B4 /* ModelManager.swift in Sources */,
			);
			runOnlyForDeploymentPostprocessing = 0;
		};
/* End PBXSourcesBuildPhase section */

/* Begin PBXVariantGroup section */
		6D4A393D2013ED1100E855B4 /* Main.storyboard */ = {
			isa = PBXVariantGroup;
			children = (
				6D4A393E2013ED1100E855B4 /* Base */,
			);
			name = Main.storyboard;
			sourceTree = "<group>";
		};
		6D4A39422013ED1100E855B4 /* LaunchScreen.storyboard */ = {
			isa = PBXVariantGroup;
			children = (
				6D4A39432013ED1100E855B4 /* Base */,
			);
			name = LaunchScreen.storyboard;
			sourceTree = "<group>";
		};
/* End PBXVariantGroup section */

/* Begin XCBuildConfiguration section */
		6D4A39462013ED1100E855B4 /* Debug */ = {
			isa = XCBuildConfiguration;
			buildSettings = {
				ALWAYS_SEARCH_USER_PATHS = NO;
				CLANG_ANALYZER_NONNULL = YES;
				CLANG_ANALYZER_NUMBER_OBJECT_CONVERSION = YES_AGGRESSIVE;
				CLANG_CXX_LANGUAGE_STANDARD = "gnu++14";
				CLANG_CXX_LIBRARY = "libc++";
				CLANG_ENABLE_MODULES = YES;
				CLANG_ENABLE_OBJC_ARC = YES;
				CLANG_WARN_BLOCK_CAPTURE_AUTORELEASING = YES;
				CLANG_WARN_BOOL_CONVERSION = YES;
				CLANG_WARN_COMMA = YES;
				CLANG_WARN_CONSTANT_CONVERSION = YES;
				CLANG_WARN_DIRECT_OBJC_ISA_USAGE = YES_ERROR;
				CLANG_WARN_DOCUMENTATION_COMMENTS = YES;
				CLANG_WARN_EMPTY_BODY = YES;
				CLANG_WARN_ENUM_CONVERSION = YES;
				CLANG_WARN_INFINITE_RECURSION = YES;
				CLANG_WARN_INT_CONVERSION = YES;
				CLANG_WARN_NON_LITERAL_NULL_CONVERSION = YES;
				CLANG_WARN_OBJC_LITERAL_CONVERSION = YES;
				CLANG_WARN_OBJC_ROOT_CLASS = YES_ERROR;
				CLANG_WARN_RANGE_LOOP_ANALYSIS = YES;
				CLANG_WARN_STRICT_PROTOTYPES = YES;
				CLANG_WARN_SUSPICIOUS_MOVE = YES;
				CLANG_WARN_UNGUARDED_AVAILABILITY = YES_AGGRESSIVE;
				CLANG_WARN_UNREACHABLE_CODE = YES;
				CLANG_WARN__DUPLICATE_METHOD_MATCH = YES;
				CODE_SIGN_IDENTITY = "iPhone Developer";
				COPY_PHASE_STRIP = NO;
				DEBUG_INFORMATION_FORMAT = dwarf;
				ENABLE_STRICT_OBJC_MSGSEND = YES;
				ENABLE_TESTABILITY = YES;
				GCC_C_LANGUAGE_STANDARD = gnu11;
				GCC_DYNAMIC_NO_PIC = NO;
				GCC_NO_COMMON_BLOCKS = YES;
				GCC_OPTIMIZATION_LEVEL = 0;
				GCC_PREPROCESSOR_DEFINITIONS = (
					"DEBUG=1",
					"$(inherited)",
				);
				GCC_WARN_64_TO_32_BIT_CONVERSION = YES;
				GCC_WARN_ABOUT_RETURN_TYPE = YES_ERROR;
				GCC_WARN_UNDECLARED_SELECTOR = YES;
				GCC_WARN_UNINITIALIZED_AUTOS = YES_AGGRESSIVE;
				GCC_WARN_UNUSED_FUNCTION = YES;
				GCC_WARN_UNUSED_VARIABLE = YES;
				IPHONEOS_DEPLOYMENT_TARGET = 11.2;
				MTL_ENABLE_DEBUG_INFO = YES;
				ONLY_ACTIVE_ARCH = YES;
				SDKROOT = iphoneos;
				SWIFT_ACTIVE_COMPILATION_CONDITIONS = DEBUG;
				SWIFT_OPTIMIZATION_LEVEL = "-Onone";
			};
			name = Debug;
		};
		6D4A39472013ED1100E855B4 /* Release */ = {
			isa = XCBuildConfiguration;
			buildSettings = {
				ALWAYS_SEARCH_USER_PATHS = NO;
				CLANG_ANALYZER_NONNULL = YES;
				CLANG_ANALYZER_NUMBER_OBJECT_CONVERSION = YES_AGGRESSIVE;
				CLANG_CXX_LANGUAGE_STANDARD = "gnu++14";
				CLANG_CXX_LIBRARY = "libc++";
				CLANG_ENABLE_MODULES = YES;
				CLANG_ENABLE_OBJC_ARC = YES;
				CLANG_WARN_BLOCK_CAPTURE_AUTORELEASING = YES;
				CLANG_WARN_BOOL_CONVERSION = YES;
				CLANG_WARN_COMMA = YES;
				CLANG_WARN_CONSTANT_CONVERSION = YES;
				CLANG_WARN_DIRECT_OBJC_ISA_USAGE = YES_ERROR;
				CLANG_WARN_DOCUMENTATION_COMMENTS = YES;
				CLANG_WARN_EMPTY_BODY = YES;
				CLANG_WARN_ENUM_CONVERSION = YES;
				CLANG_WARN_INFINITE_RECURSION = YES;
				CLANG_WARN_INT_CONVERSION = YES;
				CLANG_WARN_NON_LITERAL_NULL_CONVERSION = YES;
				CLANG_WARN_OBJC_LITERAL_CONVERSION = YES;
				CLANG_WARN_OBJC_ROOT_CLASS = YES_ERROR;
				CLANG_WARN_RANGE_LOOP_ANALYSIS = YES;
				CLANG_WARN_STRICT_PROTOTYPES = YES;
				CLANG_WARN_SUSPICIOUS_MOVE = YES;
				CLANG_WARN_UNGUARDED_AVAILABILITY = YES_AGGRESSIVE;
				CLANG_WARN_UNREACHABLE_CODE = YES;
				CLANG_WARN__DUPLICATE_METHOD_MATCH = YES;
				CODE_SIGN_IDENTITY = "iPhone Developer";
				COPY_PHASE_STRIP = NO;
				DEBUG_INFORMATION_FORMAT = "dwarf-with-dsym";
				ENABLE_NS_ASSERTIONS = NO;
				ENABLE_STRICT_OBJC_MSGSEND = YES;
				GCC_C_LANGUAGE_STANDARD = gnu11;
				GCC_NO_COMMON_BLOCKS = YES;
				GCC_WARN_64_TO_32_BIT_CONVERSION = YES;
				GCC_WARN_ABOUT_RETURN_TYPE = YES_ERROR;
				GCC_WARN_UNDECLARED_SELECTOR = YES;
				GCC_WARN_UNINITIALIZED_AUTOS = YES_AGGRESSIVE;
				GCC_WARN_UNUSED_FUNCTION = YES;
				GCC_WARN_UNUSED_VARIABLE = YES;
				IPHONEOS_DEPLOYMENT_TARGET = 11.2;
				MTL_ENABLE_DEBUG_INFO = NO;
				SDKROOT = iphoneos;
				SWIFT_OPTIMIZATION_LEVEL = "-Owholemodule";
				VALIDATE_PRODUCT = YES;
			};
			name = Release;
		};
		6D4A39492013ED1100E855B4 /* Debug */ = {
			isa = XCBuildConfiguration;
			baseConfigurationReference = F0719B5F44CA82585FE45896 /* Pods-MusicPlayer_Publicista.debug.xcconfig */;
			buildSettings = {
				ASSETCATALOG_COMPILER_APPICON_NAME = AppIcon;
				CODE_SIGN_STYLE = Automatic;
				DEVELOPMENT_TEAM = 7NBD68U8QX;
				INFOPLIST_FILE = MusicPlayer_Publicista/Info.plist;
				LD_RUNPATH_SEARCH_PATHS = "$(inherited) @executable_path/Frameworks";
				PRODUCT_BUNDLE_IDENTIFIER = "Empresinha.MusicPlayer-Publicista";
				PRODUCT_NAME = "$(TARGET_NAME)";
				SWIFT_VERSION = 4.0;
				TARGETED_DEVICE_FAMILY = "1,2";
			};
			name = Debug;
		};
		6D4A394A2013ED1100E855B4 /* Release */ = {
			isa = XCBuildConfiguration;
			baseConfigurationReference = ADBD8B95E0E63408741F74E9 /* Pods-MusicPlayer_Publicista.release.xcconfig */;
			buildSettings = {
				ASSETCATALOG_COMPILER_APPICON_NAME = AppIcon;
				CODE_SIGN_STYLE = Automatic;
				DEVELOPMENT_TEAM = 7NBD68U8QX;
				INFOPLIST_FILE = MusicPlayer_Publicista/Info.plist;
				LD_RUNPATH_SEARCH_PATHS = "$(inherited) @executable_path/Frameworks";
				PRODUCT_BUNDLE_IDENTIFIER = "Empresinha.MusicPlayer-Publicista";
				PRODUCT_NAME = "$(TARGET_NAME)";
				SWIFT_VERSION = 4.0;
				TARGETED_DEVICE_FAMILY = "1,2";
			};
			name = Release;
		};
/* End XCBuildConfiguration section */

/* Begin XCConfigurationList section */
		6D4A39312013ED1100E855B4 /* Build configuration list for PBXProject "MusicPlayer_Publicista" */ = {
			isa = XCConfigurationList;
			buildConfigurations = (
				6D4A39462013ED1100E855B4 /* Debug */,
				6D4A39472013ED1100E855B4 /* Release */,
			);
			defaultConfigurationIsVisible = 0;
			defaultConfigurationName = Release;
		};
		6D4A39482013ED1100E855B4 /* Build configuration list for PBXNativeTarget "MusicPlayer_Publicista" */ = {
			isa = XCConfigurationList;
			buildConfigurations = (
				6D4A39492013ED1100E855B4 /* Debug */,
				6D4A394A2013ED1100E855B4 /* Release */,
			);
			defaultConfigurationIsVisible = 0;
			defaultConfigurationName = Release;
		};
/* End XCConfigurationList section */
	};
	rootObject = 6D4A392E2013ED1100E855B4 /* Project object */;
}
